
Microsoft Visual Studio Solution File, Format Version 12.00
# Visual Studio Version 17
VisualStudioVersion = 17.1.32414.318
MinimumVisualStudioVersion = 10.0.40219.1
Project("{9A19103F-16F7-4668-BE54-9A1E7A4F7556}") = "01 Literales numericas", "01 Literales numericas\01 Literales numericas.csproj", "{24495F8A-0E92-4C71-933C-688406EA1889}"
EndProject
Project("{9A19103F-16F7-4668-BE54-9A1E7A4F7556}") = "02 out y discard", "02 out y discard\02 out y discard.csproj", "{A96D0D7F-B397-4796-96CC-94AD760477A0}"
EndProject
Project("{9A19103F-16F7-4668-BE54-9A1E7A4F7556}") = "03 Referencias locales", "03 Referencias locales\03 Referencias locales.csproj", "{AE5A09A8-F296-443C-B8DC-41D31B6DBE5D}"
EndProject
Project("{9A19103F-16F7-4668-BE54-9A1E7A4F7556}") = "04 Ref Return", "04 Ref Return\04 Ref Return.csproj", "{3E87AFE0-B35D-4D5C-AEFB-9E15BB43FA5C}"
EndProject
Project("{9A19103F-16F7-4668-BE54-9A1E7A4F7556}") = "05 Actualizacion switch", "05 Actualizacion switch\05 Actualizacion switch.csproj", "{21E080C5-F4A0-422D-8854-CE7F2E62FBE9}"
EndProject
Project("{9A19103F-16F7-4668-BE54-9A1E7A4F7556}") = "06 Atualizacion a metodos", "06 Atualizacion a metodos\06 Atualizacion a metodos.csproj", "{2CF989A9-A3DF-4EFC-9CBE-D54886BF2867}"
EndProject
Project("{9A19103F-16F7-4668-BE54-9A1E7A4F7556}") = "07 Deconstructor y destructor", "07 Deconstructor y destructor\07 Deconstructor y destructor.csproj", "{4167264F-86A8-4DF5-A22E-8B9A1B7F6EC8}"
EndProject
Project("{FAE04EC0-301F-11D3-BF4B-00C04F79EFBC}") = "08 Actualizacion a propiedades", "08 Actualizacion a propiedades\08 Actualizacion a propiedades.csproj", "{D203D0CA-7F38-4115-98D2-5FDAF3063F9E}"
EndProject
Global
	GlobalSection(SolutionConfigurationPlatforms) = preSolution
		Debug|Any CPU = Debug|Any CPU
		Release|Any CPU = Release|Any CPU
	EndGlobalSection
	GlobalSection(ProjectConfigurationPlatforms) = postSolution
		{24495F8A-0E92-4C71-933C-688406EA1889}.Debug|Any CPU.ActiveCfg = Debug|Any CPU
		{24495F8A-0E92-4C71-933C-688406EA1889}.Debug|Any CPU.Build.0 = Debug|Any CPU
		{24495F8A-0E92-4C71-933C-688406EA1889}.Release|Any CPU.ActiveCfg = Release|Any CPU
		{24495F8A-0E92-4C71-933C-688406EA1889}.Release|Any CPU.Build.0 = Release|Any CPU
		{A96D0D7F-B397-4796-96CC-94AD760477A0}.Debug|Any CPU.ActiveCfg = Debug|Any CPU
		{A96D0D7F-B397-4796-96CC-94AD760477A0}.Debug|Any CPU.Build.0 = Debug|Any CPU
		{A96D0D7F-B397-4796-96CC-94AD760477A0}.Release|Any CPU.ActiveCfg = Release|Any CPU
		{A96D0D7F-B397-4796-96CC-94AD760477A0}.Release|Any CPU.Build.0 = Release|Any CPU
		{AE5A09A8-F296-443C-B8DC-41D31B6DBE5D}.Debug|Any CPU.ActiveCfg = Debug|Any CPU
		{AE5A09A8-F296-443C-B8DC-41D31B6DBE5D}.Debug|Any CPU.Build.0 = Debug|Any CPU
		{AE5A09A8-F296-443C-B8DC-41D31B6DBE5D}.Release|Any CPU.ActiveCfg = Release|Any CPU
		{AE5A09A8-F296-443C-B8DC-41D31B6DBE5D}.Release|Any CPU.Build.0 = Release|Any CPU
		{3E87AFE0-B35D-4D5C-AEFB-9E15BB43FA5C}.Debug|Any CPU.ActiveCfg = Debug|Any CPU
		{3E87AFE0-B35D-4D5C-AEFB-9E15BB43FA5C}.Debug|Any CPU.Build.0 = Debug|Any CPU
		{3E87AFE0-B35D-4D5C-AEFB-9E15BB43FA5C}.Release|Any CPU.ActiveCfg = Release|Any CPU
		{3E87AFE0-B35D-4D5C-AEFB-9E15BB43FA5C}.Release|Any CPU.Build.0 = Release|Any CPU
		{21E080C5-F4A0-422D-8854-CE7F2E62FBE9}.Debug|Any CPU.ActiveCfg = Debug|Any CPU
		{21E080C5-F4A0-422D-8854-CE7F2E62FBE9}.Debug|Any CPU.Build.0 = Debug|Any CPU
		{21E080C5-F4A0-422D-8854-CE7F2E62FBE9}.Release|Any CPU.ActiveCfg = Release|Any CPU
		{21E080C5-F4A0-422D-8854-CE7F2E62FBE9}.Release|Any CPU.Build.0 = Release|Any CPU
		{2CF989A9-A3DF-4EFC-9CBE-D54886BF2867}.Debug|Any CPU.ActiveCfg = Debug|Any CPU
		{2CF989A9-A3DF-4EFC-9CBE-D54886BF2867}.Debug|Any CPU.Build.0 = Debug|Any CPU
		{2CF989A9-A3DF-4EFC-9CBE-D54886BF2867}.Release|Any CPU.ActiveCfg = Release|Any CPU
		{2CF989A9-A3DF-4EFC-9CBE-D54886BF2867}.Release|Any CPU.Build.0 = Release|Any CPU
		{4167264F-86A8-4DF5-A22E-8B9A1B7F6EC8}.Debug|Any CPU.ActiveCfg = Debug|Any CPU
		{4167264F-86A8-4DF5-A22E-8B9A1B7F6EC8}.Debug|Any CPU.Build.0 = Debug|Any CPU
		{4167264F-86A8-4DF5-A22E-8B9A1B7F6EC8}.Release|Any CPU.ActiveCfg = Release|Any CPU
		{4167264F-86A8-4DF5-A22E-8B9A1B7F6EC8}.Release|Any CPU.Build.0 = Release|Any CPU
		{D203D0CA-7F38-4115-98D2-5FDAF3063F9E}.Debug|Any CPU.ActiveCfg = Debug|Any CPU
		{D203D0CA-7F38-4115-98D2-5FDAF3063F9E}.Debug|Any CPU.Build.0 = Debug|Any CPU
		{D203D0CA-7F38-4115-98D2-5FDAF3063F9E}.Release|Any CPU.ActiveCfg = Release|Any CPU
		{D203D0CA-7F38-4115-98D2-5FDAF3063F9E}.Release|Any CPU.Build.0 = Release|Any CPU
	EndGlobalSection
	GlobalSection(SolutionProperties) = preSolution
		HideSolutionNode = FALSE
	EndGlobalSection
	GlobalSection(ExtensibilityGlobals) = postSolution
		SolutionGuid = {CAE0B299-B051-41C4-98DE-CB5713B328E4}
	EndGlobalSection
EndGlobal
